
Microsoft Visual Studio Solution File, Format Version 12.00
# Visual Studio Version 16
VisualStudioVersion = 16.0.30104.148
MinimumVisualStudioVersion = 10.0.40219.1
Project("{FAE04EC0-301F-11D3-BF4B-00C04F79EFBC}") = "Task_3_3_1", "Task_3_3_1\Task_3_3_1.csproj", "{D04DD376-78EC-43D8-8A11-746C387DF97D}"
EndProject
Project("{FAE04EC0-301F-11D3-BF4B-00C04F79EFBC}") = "Task_3_3_2", "Task_3_3_2\Task_3_3_2.csproj", "{20E61AF2-64A6-498B-AAB3-3417A37349F9}"
EndProject
Project("{FAE04EC0-301F-11D3-BF4B-00C04F79EFBC}") = "Task_3_3_3", "Task_3_3_3\Task_3_3_3.csproj", "{13B16F05-6B3E-4928-A173-066D45E114CB}"
EndProject
Global
	GlobalSection(SolutionConfigurationPlatforms) = preSolution
		Debug|Any CPU = Debug|Any CPU
		Release|Any CPU = Release|Any CPU
	EndGlobalSection
	GlobalSection(ProjectConfigurationPlatforms) = postSolution
		{D04DD376-78EC-43D8-8A11-746C387DF97D}.Debug|Any CPU.ActiveCfg = Debug|Any CPU
		{D04DD376-78EC-43D8-8A11-746C387DF97D}.Debug|Any CPU.Build.0 = Debug|Any CPU
		{D04DD376-78EC-43D8-8A11-746C387DF97D}.Release|Any CPU.ActiveCfg = Release|Any CPU
		{D04DD376-78EC-43D8-8A11-746C387DF97D}.Release|Any CPU.Build.0 = Release|Any CPU
		{20E61AF2-64A6-498B-AAB3-3417A37349F9}.Debug|Any CPU.ActiveCfg = Debug|Any CPU
		{20E61AF2-64A6-498B-AAB3-3417A37349F9}.Debug|Any CPU.Build.0 = Debug|Any CPU
		{20E61AF2-64A6-498B-AAB3-3417A37349F9}.Release|Any CPU.ActiveCfg = Release|Any CPU
		{20E61AF2-64A6-498B-AAB3-3417A37349F9}.Release|Any CPU.Build.0 = Release|Any CPU
		{13B16F05-6B3E-4928-A173-066D45E114CB}.Debug|Any CPU.ActiveCfg = Debug|Any CPU
		{13B16F05-6B3E-4928-A173-066D45E114CB}.Debug|Any CPU.Build.0 = Debug|Any CPU
		{13B16F05-6B3E-4928-A173-066D45E114CB}.Release|Any CPU.ActiveCfg = Release|Any CPU
		{13B16F05-6B3E-4928-A173-066D45E114CB}.Release|Any CPU.Build.0 = Release|Any CPU
	EndGlobalSection
	GlobalSection(SolutionProperties) = preSolution
		HideSolutionNode = FALSE
	EndGlobalSection
	GlobalSection(ExtensibilityGlobals) = postSolution
		SolutionGuid = {07C9CE2F-6BA0-4C28-8ADA-6D892230B62C}
	EndGlobalSection
EndGlobal
