
Microsoft Visual Studio Solution File, Format Version 12.00
# Visual Studio Version 16
VisualStudioVersion = 16.0.30104.148
MinimumVisualStudioVersion = 10.0.40219.1
Project("{FAE04EC0-301F-11D3-BF4B-00C04F79EFBC}") = "Task_1_1_1", "Task_1_1_1\Task_1_1_1.csproj", "{57646C73-171D-4977-9C29-6427D81C7F83}"
EndProject
Project("{FAE04EC0-301F-11D3-BF4B-00C04F79EFBC}") = "Task_1_1_2", "Task_1_1_2\Task_1_1_2.csproj", "{D9EEAA29-0A6E-4625-9D9B-8BE5EEDE82C8}"
EndProject
Project("{FAE04EC0-301F-11D3-BF4B-00C04F79EFBC}") = "Task_1_1_3", "Task_1_1_3\Task_1_1_3.csproj", "{91246B60-143B-453E-AEE3-0B39608FC3BE}"
EndProject
Project("{FAE04EC0-301F-11D3-BF4B-00C04F79EFBC}") = "Task_1_1_4", "Task_1_1_4\Task_1_1_4.csproj", "{630FAD57-86A8-449C-924F-497E634BDC45}"
EndProject
Project("{FAE04EC0-301F-11D3-BF4B-00C04F79EFBC}") = "Task_1_1_5", "Task_1_1_5\Task_1_1_5.csproj", "{F81BB854-59DD-452F-8C41-321382F4F5AF}"
EndProject
Project("{FAE04EC0-301F-11D3-BF4B-00C04F79EFBC}") = "Task_1_1_6", "Task_1_1_6\Task_1_1_6.csproj", "{9B8E94F3-BC97-42BC-A238-DFF5FC22EEAD}"
EndProject
Project("{FAE04EC0-301F-11D3-BF4B-00C04F79EFBC}") = "Task_1_1_7", "Task_1_1_7\Task_1_1_7.csproj", "{F2C36E34-CA28-41CA-9A67-1BC676739138}"
	ProjectSection(ProjectDependencies) = postProject
		{3EFC9F5E-9400-42B8-8D6D-DDC885FBFD00} = {3EFC9F5E-9400-42B8-8D6D-DDC885FBFD00}
	EndProjectSection
EndProject
Project("{FAE04EC0-301F-11D3-BF4B-00C04F79EFBC}") = "Task_1_1_8", "Task_1_1_8\Task_1_1_8.csproj", "{7B9B1FA0-AD3B-4029-B830-7F8E9894CCDC}"
	ProjectSection(ProjectDependencies) = postProject
		{3EFC9F5E-9400-42B8-8D6D-DDC885FBFD00} = {3EFC9F5E-9400-42B8-8D6D-DDC885FBFD00}
	EndProjectSection
EndProject
Project("{FAE04EC0-301F-11D3-BF4B-00C04F79EFBC}") = "Task_1_1_9", "Task_1_1_9\Task_1_1_9.csproj", "{11A04B8F-5458-4981-8695-2A68EF71B7FB}"
	ProjectSection(ProjectDependencies) = postProject
		{3EFC9F5E-9400-42B8-8D6D-DDC885FBFD00} = {3EFC9F5E-9400-42B8-8D6D-DDC885FBFD00}
	EndProjectSection
EndProject
Project("{FAE04EC0-301F-11D3-BF4B-00C04F79EFBC}") = "Task_1_1_10", "Task_1_1_10\Task_1_1_10.csproj", "{4DE76715-1384-47F8-8DAC-87AF4D1336A4}"
	ProjectSection(ProjectDependencies) = postProject
		{3EFC9F5E-9400-42B8-8D6D-DDC885FBFD00} = {3EFC9F5E-9400-42B8-8D6D-DDC885FBFD00}
	EndProjectSection
EndProject
Project("{FAE04EC0-301F-11D3-BF4B-00C04F79EFBC}") = "Common", "Common\Common.csproj", "{3EFC9F5E-9400-42B8-8D6D-DDC885FBFD00}"
EndProject
Project("{FAE04EC0-301F-11D3-BF4B-00C04F79EFBC}") = "Task_1_2_1", "Task_1_2_1\Task_1_2_1.csproj", "{588466E6-DFAC-47EC-A430-D0C374C1A2F5}"
EndProject
Global
	GlobalSection(SolutionConfigurationPlatforms) = preSolution
		Debug|Any CPU = Debug|Any CPU
		Release|Any CPU = Release|Any CPU
	EndGlobalSection
	GlobalSection(ProjectConfigurationPlatforms) = postSolution
		{57646C73-171D-4977-9C29-6427D81C7F83}.Debug|Any CPU.ActiveCfg = Debug|Any CPU
		{57646C73-171D-4977-9C29-6427D81C7F83}.Debug|Any CPU.Build.0 = Debug|Any CPU
		{57646C73-171D-4977-9C29-6427D81C7F83}.Release|Any CPU.ActiveCfg = Release|Any CPU
		{57646C73-171D-4977-9C29-6427D81C7F83}.Release|Any CPU.Build.0 = Release|Any CPU
		{D9EEAA29-0A6E-4625-9D9B-8BE5EEDE82C8}.Debug|Any CPU.ActiveCfg = Debug|Any CPU
		{D9EEAA29-0A6E-4625-9D9B-8BE5EEDE82C8}.Debug|Any CPU.Build.0 = Debug|Any CPU
		{D9EEAA29-0A6E-4625-9D9B-8BE5EEDE82C8}.Release|Any CPU.ActiveCfg = Release|Any CPU
		{D9EEAA29-0A6E-4625-9D9B-8BE5EEDE82C8}.Release|Any CPU.Build.0 = Release|Any CPU
		{91246B60-143B-453E-AEE3-0B39608FC3BE}.Debug|Any CPU.ActiveCfg = Debug|Any CPU
		{91246B60-143B-453E-AEE3-0B39608FC3BE}.Debug|Any CPU.Build.0 = Debug|Any CPU
		{91246B60-143B-453E-AEE3-0B39608FC3BE}.Release|Any CPU.ActiveCfg = Release|Any CPU
		{91246B60-143B-453E-AEE3-0B39608FC3BE}.Release|Any CPU.Build.0 = Release|Any CPU
		{630FAD57-86A8-449C-924F-497E634BDC45}.Debug|Any CPU.ActiveCfg = Debug|Any CPU
		{630FAD57-86A8-449C-924F-497E634BDC45}.Debug|Any CPU.Build.0 = Debug|Any CPU
		{630FAD57-86A8-449C-924F-497E634BDC45}.Release|Any CPU.ActiveCfg = Release|Any CPU
		{630FAD57-86A8-449C-924F-497E634BDC45}.Release|Any CPU.Build.0 = Release|Any CPU
		{F81BB854-59DD-452F-8C41-321382F4F5AF}.Debug|Any CPU.ActiveCfg = Debug|Any CPU
		{F81BB854-59DD-452F-8C41-321382F4F5AF}.Debug|Any CPU.Build.0 = Debug|Any CPU
		{F81BB854-59DD-452F-8C41-321382F4F5AF}.Release|Any CPU.ActiveCfg = Release|Any CPU
		{F81BB854-59DD-452F-8C41-321382F4F5AF}.Release|Any CPU.Build.0 = Release|Any CPU
		{9B8E94F3-BC97-42BC-A238-DFF5FC22EEAD}.Debug|Any CPU.ActiveCfg = Debug|Any CPU
		{9B8E94F3-BC97-42BC-A238-DFF5FC22EEAD}.Debug|Any CPU.Build.0 = Debug|Any CPU
		{9B8E94F3-BC97-42BC-A238-DFF5FC22EEAD}.Release|Any CPU.ActiveCfg = Release|Any CPU
		{9B8E94F3-BC97-42BC-A238-DFF5FC22EEAD}.Release|Any CPU.Build.0 = Release|Any CPU
		{F2C36E34-CA28-41CA-9A67-1BC676739138}.Debug|Any CPU.ActiveCfg = Debug|Any CPU
		{F2C36E34-CA28-41CA-9A67-1BC676739138}.Debug|Any CPU.Build.0 = Debug|Any CPU
		{F2C36E34-CA28-41CA-9A67-1BC676739138}.Release|Any CPU.ActiveCfg = Release|Any CPU
		{F2C36E34-CA28-41CA-9A67-1BC676739138}.Release|Any CPU.Build.0 = Release|Any CPU
		{7B9B1FA0-AD3B-4029-B830-7F8E9894CCDC}.Debug|Any CPU.ActiveCfg = Debug|Any CPU
		{7B9B1FA0-AD3B-4029-B830-7F8E9894CCDC}.Debug|Any CPU.Build.0 = Debug|Any CPU
		{7B9B1FA0-AD3B-4029-B830-7F8E9894CCDC}.Release|Any CPU.ActiveCfg = Release|Any CPU
		{7B9B1FA0-AD3B-4029-B830-7F8E9894CCDC}.Release|Any CPU.Build.0 = Release|Any CPU
		{11A04B8F-5458-4981-8695-2A68EF71B7FB}.Debug|Any CPU.ActiveCfg = Debug|Any CPU
		{11A04B8F-5458-4981-8695-2A68EF71B7FB}.Debug|Any CPU.Build.0 = Debug|Any CPU
		{11A04B8F-5458-4981-8695-2A68EF71B7FB}.Release|Any CPU.ActiveCfg = Release|Any CPU
		{11A04B8F-5458-4981-8695-2A68EF71B7FB}.Release|Any CPU.Build.0 = Release|Any CPU
		{4DE76715-1384-47F8-8DAC-87AF4D1336A4}.Debug|Any CPU.ActiveCfg = Debug|Any CPU
		{4DE76715-1384-47F8-8DAC-87AF4D1336A4}.Debug|Any CPU.Build.0 = Debug|Any CPU
		{4DE76715-1384-47F8-8DAC-87AF4D1336A4}.Release|Any CPU.ActiveCfg = Release|Any CPU
		{4DE76715-1384-47F8-8DAC-87AF4D1336A4}.Release|Any CPU.Build.0 = Release|Any CPU
		{3EFC9F5E-9400-42B8-8D6D-DDC885FBFD00}.Debug|Any CPU.ActiveCfg = Debug|Any CPU
		{3EFC9F5E-9400-42B8-8D6D-DDC885FBFD00}.Debug|Any CPU.Build.0 = Debug|Any CPU
		{3EFC9F5E-9400-42B8-8D6D-DDC885FBFD00}.Release|Any CPU.ActiveCfg = Release|Any CPU
		{3EFC9F5E-9400-42B8-8D6D-DDC885FBFD00}.Release|Any CPU.Build.0 = Release|Any CPU
		{588466E6-DFAC-47EC-A430-D0C374C1A2F5}.Debug|Any CPU.ActiveCfg = Debug|Any CPU
		{588466E6-DFAC-47EC-A430-D0C374C1A2F5}.Debug|Any CPU.Build.0 = Debug|Any CPU
		{588466E6-DFAC-47EC-A430-D0C374C1A2F5}.Release|Any CPU.ActiveCfg = Release|Any CPU
		{588466E6-DFAC-47EC-A430-D0C374C1A2F5}.Release|Any CPU.Build.0 = Release|Any CPU
	EndGlobalSection
	GlobalSection(SolutionProperties) = preSolution
		HideSolutionNode = FALSE
	EndGlobalSection
	GlobalSection(ExtensibilityGlobals) = postSolution
		SolutionGuid = {4F270D27-AE19-4A24-8BEF-E5497E56ACE3}
	EndGlobalSection
EndGlobal
