
Microsoft Visual Studio Solution File, Format Version 12.00
# Visual Studio Version 16
VisualStudioVersion = 16.0.30104.148
MinimumVisualStudioVersion = 10.0.40219.1
Project("{FAE04EC0-301F-11D3-BF4B-00C04F79EFBC}") = "MyString", "MyString\MyString.csproj", "{68744276-9BA2-4A4C-97D0-555540F6551A}"
EndProject
Project("{FAE04EC0-301F-11D3-BF4B-00C04F79EFBC}") = "Task_2_1_1", "Task_2_1_1\Task_2_1_1.csproj", "{B7FA575D-42EF-4D60-A812-645F252D9734}"
	ProjectSection(ProjectDependencies) = postProject
		{68744276-9BA2-4A4C-97D0-555540F6551A} = {68744276-9BA2-4A4C-97D0-555540F6551A}
	EndProjectSection
EndProject
Project("{FAE04EC0-301F-11D3-BF4B-00C04F79EFBC}") = "Task_2_1_2", "Task_2_1_2\Task_2_1_2.csproj", "{6DBD6D98-59AE-4737-8465-B2E27F5983BB}"
	ProjectSection(ProjectDependencies) = postProject
		{68744276-9BA2-4A4C-97D0-555540F6551A} = {68744276-9BA2-4A4C-97D0-555540F6551A}
	EndProjectSection
EndProject
Global
	GlobalSection(SolutionConfigurationPlatforms) = preSolution
		Debug|Any CPU = Debug|Any CPU
		Release|Any CPU = Release|Any CPU
	EndGlobalSection
	GlobalSection(ProjectConfigurationPlatforms) = postSolution
		{68744276-9BA2-4A4C-97D0-555540F6551A}.Debug|Any CPU.ActiveCfg = Debug|Any CPU
		{68744276-9BA2-4A4C-97D0-555540F6551A}.Debug|Any CPU.Build.0 = Debug|Any CPU
		{68744276-9BA2-4A4C-97D0-555540F6551A}.Release|Any CPU.ActiveCfg = Release|Any CPU
		{68744276-9BA2-4A4C-97D0-555540F6551A}.Release|Any CPU.Build.0 = Release|Any CPU
		{B7FA575D-42EF-4D60-A812-645F252D9734}.Debug|Any CPU.ActiveCfg = Debug|Any CPU
		{B7FA575D-42EF-4D60-A812-645F252D9734}.Debug|Any CPU.Build.0 = Debug|Any CPU
		{B7FA575D-42EF-4D60-A812-645F252D9734}.Release|Any CPU.ActiveCfg = Release|Any CPU
		{B7FA575D-42EF-4D60-A812-645F252D9734}.Release|Any CPU.Build.0 = Release|Any CPU
		{6DBD6D98-59AE-4737-8465-B2E27F5983BB}.Debug|Any CPU.ActiveCfg = Debug|Any CPU
		{6DBD6D98-59AE-4737-8465-B2E27F5983BB}.Debug|Any CPU.Build.0 = Debug|Any CPU
		{6DBD6D98-59AE-4737-8465-B2E27F5983BB}.Release|Any CPU.ActiveCfg = Release|Any CPU
		{6DBD6D98-59AE-4737-8465-B2E27F5983BB}.Release|Any CPU.Build.0 = Release|Any CPU
	EndGlobalSection
	GlobalSection(SolutionProperties) = preSolution
		HideSolutionNode = FALSE
	EndGlobalSection
	GlobalSection(ExtensibilityGlobals) = postSolution
		SolutionGuid = {BB08DADB-3A35-4C63-B23C-2B89A1389C4A}
	EndGlobalSection
EndGlobal
