
Microsoft Visual Studio Solution File, Format Version 12.00
# Visual Studio Version 16
VisualStudioVersion = 16.0.30104.148
MinimumVisualStudioVersion = 10.0.40219.1
Project("{FAE04EC0-301F-11D3-BF4B-00C04F79EFBC}") = "Task_3_1_1", "Task_3_1_1\Task_3_1_1.csproj", "{C86EBCEE-C600-41BF-A73B-A2A5A1E9504C}"
EndProject
Project("{FAE04EC0-301F-11D3-BF4B-00C04F79EFBC}") = "Task_3_1_2", "Task_3_1_2\Task_3_1_2.csproj", "{609CE92F-D0F8-437D-9096-98F07D749CFE}"
EndProject
Global
	GlobalSection(SolutionConfigurationPlatforms) = preSolution
		Debug|Any CPU = Debug|Any CPU
		Release|Any CPU = Release|Any CPU
	EndGlobalSection
	GlobalSection(ProjectConfigurationPlatforms) = postSolution
		{C86EBCEE-C600-41BF-A73B-A2A5A1E9504C}.Debug|Any CPU.ActiveCfg = Debug|Any CPU
		{C86EBCEE-C600-41BF-A73B-A2A5A1E9504C}.Debug|Any CPU.Build.0 = Debug|Any CPU
		{C86EBCEE-C600-41BF-A73B-A2A5A1E9504C}.Release|Any CPU.ActiveCfg = Release|Any CPU
		{C86EBCEE-C600-41BF-A73B-A2A5A1E9504C}.Release|Any CPU.Build.0 = Release|Any CPU
		{609CE92F-D0F8-437D-9096-98F07D749CFE}.Debug|Any CPU.ActiveCfg = Debug|Any CPU
		{609CE92F-D0F8-437D-9096-98F07D749CFE}.Debug|Any CPU.Build.0 = Debug|Any CPU
		{609CE92F-D0F8-437D-9096-98F07D749CFE}.Release|Any CPU.ActiveCfg = Release|Any CPU
		{609CE92F-D0F8-437D-9096-98F07D749CFE}.Release|Any CPU.Build.0 = Release|Any CPU
	EndGlobalSection
	GlobalSection(SolutionProperties) = preSolution
		HideSolutionNode = FALSE
	EndGlobalSection
	GlobalSection(ExtensibilityGlobals) = postSolution
		SolutionGuid = {C46EAA42-176C-40FB-8F8B-E152BE83BF62}
	EndGlobalSection
EndGlobal
